
Microsoft Visual Studio Solution File, Format Version 12.00
# Visual Studio Version 17
VisualStudioVersion = 17.11.35327.3
MinimumVisualStudioVersion = 10.0.40219.1
Project("{9A19103F-16F7-4668-BE54-9A1E7A4F7556}") = "ex01", "ex01\ex01.csproj", "{CC8C0797-063D-4B52-94DE-A23CA8CEC67C}"
EndProject
Project("{9A19103F-16F7-4668-BE54-9A1E7A4F7556}") = "ex02", "ex02\ex02.csproj", "{F5B8D32E-D88F-41D9-95EB-CF015BA8132E}"
EndProject
Project("{9A19103F-16F7-4668-BE54-9A1E7A4F7556}") = "ex03", "ex03\ex03.csproj", "{A138B350-60DF-45F2-900E-4985C752EEDA}"
EndProject
Project("{9A19103F-16F7-4668-BE54-9A1E7A4F7556}") = "ex04", "ex04\ex04.csproj", "{EED8B617-BE52-48F5-9431-7A294CA0B3C4}"
EndProject
Project("{9A19103F-16F7-4668-BE54-9A1E7A4F7556}") = "ex05", "ex05\ex05.csproj", "{EE75A128-22B1-42C4-9258-D637BD754DC6}"
EndProject
Project("{9A19103F-16F7-4668-BE54-9A1E7A4F7556}") = "ex06", "ex06\ex06.csproj", "{FEF12238-7129-4D58-85C4-3AFDC80ED015}"
EndProject
Project("{9A19103F-16F7-4668-BE54-9A1E7A4F7556}") = "ex07", "ex07\ex07.csproj", "{2B99DE47-93C5-4C6C-8FAA-B65266689758}"
EndProject
Project("{2150E333-8FDC-42A3-9474-1A3956D46DE8}") = "lista_de_exercicios", "lista_de_exercicios", "{5A5BD18D-F77A-4A7B-8169-B1B6215E41D8}"
EndProject
Project("{9A19103F-16F7-4668-BE54-9A1E7A4F7556}") = "lista_ex02", "lista_ex02\lista_ex02.csproj", "{A140E1ED-6B76-421E-AC33-6D6E1F256CA2}"
EndProject
Project("{9A19103F-16F7-4668-BE54-9A1E7A4F7556}") = "lista_ex03", "lista_ex03\lista_ex03.csproj", "{3B52BD76-DB26-4C01-B54B-1B0D2C6376F6}"
EndProject
Project("{9A19103F-16F7-4668-BE54-9A1E7A4F7556}") = "lista_ex06", "lista_ex06\lista_ex06.csproj", "{FE562E98-510F-4C3D-99D0-E915A0D2BCA0}"
EndProject
Project("{9A19103F-16F7-4668-BE54-9A1E7A4F7556}") = "lista_ex08", "lista_ex08\lista_ex08.csproj", "{918D8DE6-EA93-480B-B3D4-3DDA86D958EB}"
EndProject
Project("{9A19103F-16F7-4668-BE54-9A1E7A4F7556}") = "lista_ex09", "lista_ex09\lista_ex09.csproj", "{D206FD69-FC7D-49B1-8DBD-6A7005B12738}"
EndProject
Project("{9A19103F-16F7-4668-BE54-9A1E7A4F7556}") = "lista_ex01", "lista_ex01\lista_ex01.csproj", "{901E280D-A137-47DF-9872-B21302265CEB}"
EndProject
Project("{9A19103F-16F7-4668-BE54-9A1E7A4F7556}") = "lista_ex04", "lista_ex04\lista_ex04.csproj", "{F6DF9F92-036D-495C-A6CD-4369BB942D9F}"
EndProject
Project("{9A19103F-16F7-4668-BE54-9A1E7A4F7556}") = "lista_ex05", "lista_ex05\lista_ex05.csproj", "{A7B8F3AC-178B-4DA6-A9D7-A8415468EC11}"
EndProject
Project("{9A19103F-16F7-4668-BE54-9A1E7A4F7556}") = "lista_ex07", "lista_ex07\lista_ex07.csproj", "{5C72FAE4-69C8-4E40-B6C8-C8B552B65933}"
EndProject
Project("{9A19103F-16F7-4668-BE54-9A1E7A4F7556}") = "lista_ex10", "lista_ex10\lista_ex10.csproj", "{0FBD0169-2456-417A-A53B-4C0EBEE07C6B}"
EndProject
Project("{9A19103F-16F7-4668-BE54-9A1E7A4F7556}") = "ex08", "ex08\ex08.csproj", "{7CF248E2-29C8-4305-A8EC-D145F73A3003}"
EndProject
Project("{9A19103F-16F7-4668-BE54-9A1E7A4F7556}") = "ex09", "ex09\ex09.csproj", "{452BAD14-6EAB-428C-AA52-712060C4B2D8}"
EndProject
Project("{9A19103F-16F7-4668-BE54-9A1E7A4F7556}") = "ex10", "ex10\ex10.csproj", "{2D747408-0FD0-4EC6-A7F9-7900EE2B7A29}"
EndProject
Project("{9A19103F-16F7-4668-BE54-9A1E7A4F7556}") = "ex11", "ex11\ex11.csproj", "{DE5EA9CB-1DB0-4387-A711-ADFEDD062372}"
EndProject
Project("{9A19103F-16F7-4668-BE54-9A1E7A4F7556}") = "ex12", "ex12\ex12.csproj", "{7D0B1D78-7BAE-4570-897D-1BB879265073}"
EndProject
Project("{9A19103F-16F7-4668-BE54-9A1E7A4F7556}") = "ex13", "ex13\ex13.csproj", "{EFE4D7DF-260E-4638-A8CC-B7295B7BDFCA}"
EndProject
Project("{9A19103F-16F7-4668-BE54-9A1E7A4F7556}") = "ex14", "ex14\ex14.csproj", "{A9DBBE0D-57E8-41B5-9B97-D5B33D0108E9}"
EndProject
Project("{9A19103F-16F7-4668-BE54-9A1E7A4F7556}") = "ex15", "ex15\ex15.csproj", "{EA802087-673D-4512-9849-B322711BAB4A}"
EndProject
Project("{9A19103F-16F7-4668-BE54-9A1E7A4F7556}") = "ex16", "ex16\ex16.csproj", "{669D6685-9893-472A-B3F6-4DE4960B669F}"
EndProject
Project("{9A19103F-16F7-4668-BE54-9A1E7A4F7556}") = "ex17", "ex17\ex17.csproj", "{E5840040-DDF2-495C-95D0-FAD35C724784}"
EndProject
Project("{9A19103F-16F7-4668-BE54-9A1E7A4F7556}") = "ex18", "ex18\ex18.csproj", "{FF204268-8920-40E0-9745-FCBF1EF79039}"
EndProject
Project("{2150E333-8FDC-42A3-9474-1A3956D46DE8}") = "repeticao_20.01", "repeticao_20.01", "{272A690B-F0A9-460C-A4E9-9A5C90E0F6CF}"
EndProject
Project("{2150E333-8FDC-42A3-9474-1A3956D46DE8}") = "introducao", "introducao", "{0758EBCC-D432-4118-89F8-345C6A3E8B2F}"
EndProject
Project("{9A19103F-16F7-4668-BE54-9A1E7A4F7556}") = "ex19", "ex19\ex19.csproj", "{3B04F74F-4E15-4003-A388-4880476981FA}"
EndProject
Project("{9A19103F-16F7-4668-BE54-9A1E7A4F7556}") = "ex20", "ex20\ex20.csproj", "{05721DEB-C37F-45D5-8529-077DC0B35A18}"
EndProject
Project("{9A19103F-16F7-4668-BE54-9A1E7A4F7556}") = "ex21", "ex21\ex21.csproj", "{4C5F3157-9A63-444F-AA3A-F3B219670A5A}"
EndProject
Project("{9A19103F-16F7-4668-BE54-9A1E7A4F7556}") = "ex22", "ex22\ex22.csproj", "{D5174D33-2087-4595-BCE1-887CE2DDE206}"
EndProject
Project("{9A19103F-16F7-4668-BE54-9A1E7A4F7556}") = "ex23", "ex23\ex23.csproj", "{DCF29375-F38A-4CA3-B671-7E2AF37A5766}"
EndProject
Project("{9A19103F-16F7-4668-BE54-9A1E7A4F7556}") = "ex24", "ex24\ex24.csproj", "{544BCA84-5F83-44B7-88E3-2907B402DE5B}"
EndProject
Project("{9A19103F-16F7-4668-BE54-9A1E7A4F7556}") = "ex25", "ex25\ex25.csproj", "{5A7495AF-BD3C-407B-A871-5638527C4A18}"
EndProject
Project("{9A19103F-16F7-4668-BE54-9A1E7A4F7556}") = "ex26", "ex26\ex26.csproj", "{5E62EA12-0802-472D-B242-11368DCBAFF6}"
EndProject
Project("{9A19103F-16F7-4668-BE54-9A1E7A4F7556}") = "ex27", "ex27\ex27.csproj", "{ED85228B-0753-44A2-9A3C-56DF389B68E8}"
EndProject
Project("{2150E333-8FDC-42A3-9474-1A3956D46DE8}") = "exercicio_repeticao", "exercicio_repeticao", "{E23B96F4-AC93-41BD-93E3-22728910FAE7}"
EndProject
Project("{9A19103F-16F7-4668-BE54-9A1E7A4F7556}") = "ex01_repeticao", "ex01_repeticao\ex01_repeticao.csproj", "{AB18380A-C005-4C1F-A6CB-B0AE1BCFE7A4}"
EndProject
Project("{9A19103F-16F7-4668-BE54-9A1E7A4F7556}") = "ex28", "ex28\ex28.csproj", "{35797FBF-8753-4057-892D-BAEF88F9633C}"
EndProject
Project("{2150E333-8FDC-42A3-9474-1A3956D46DE8}") = "array_20.01", "array_20.01", "{E366784B-E6C3-4DF8-8B6B-389091DB336E}"
EndProject
Project("{9A19103F-16F7-4668-BE54-9A1E7A4F7556}") = "ex29", "ex29\ex29.csproj", "{EBC31B07-FFDB-459C-98CE-577DE8D02FEC}"
EndProject
Project("{FAE04EC0-301F-11D3-BF4B-00C04F79EFBC}") = "ex30", "ex30\ex30.csproj", "{A010F675-EA18-40C6-8CC7-4B42F610AF72}"
EndProject
Project("{FAE04EC0-301F-11D3-BF4B-00C04F79EFBC}") = "ex31", "ex31\ex31.csproj", "{99D86565-C0E9-4420-9B97-3020D248BA04}"
EndProject
Global
	GlobalSection(SolutionConfigurationPlatforms) = preSolution
		Debug|Any CPU = Debug|Any CPU
		Release|Any CPU = Release|Any CPU
	EndGlobalSection
	GlobalSection(ProjectConfigurationPlatforms) = postSolution
		{CC8C0797-063D-4B52-94DE-A23CA8CEC67C}.Debug|Any CPU.ActiveCfg = Debug|Any CPU
		{CC8C0797-063D-4B52-94DE-A23CA8CEC67C}.Debug|Any CPU.Build.0 = Debug|Any CPU
		{CC8C0797-063D-4B52-94DE-A23CA8CEC67C}.Release|Any CPU.ActiveCfg = Release|Any CPU
		{CC8C0797-063D-4B52-94DE-A23CA8CEC67C}.Release|Any CPU.Build.0 = Release|Any CPU
		{F5B8D32E-D88F-41D9-95EB-CF015BA8132E}.Debug|Any CPU.ActiveCfg = Debug|Any CPU
		{F5B8D32E-D88F-41D9-95EB-CF015BA8132E}.Debug|Any CPU.Build.0 = Debug|Any CPU
		{F5B8D32E-D88F-41D9-95EB-CF015BA8132E}.Release|Any CPU.ActiveCfg = Release|Any CPU
		{F5B8D32E-D88F-41D9-95EB-CF015BA8132E}.Release|Any CPU.Build.0 = Release|Any CPU
		{A138B350-60DF-45F2-900E-4985C752EEDA}.Debug|Any CPU.ActiveCfg = Debug|Any CPU
		{A138B350-60DF-45F2-900E-4985C752EEDA}.Debug|Any CPU.Build.0 = Debug|Any CPU
		{A138B350-60DF-45F2-900E-4985C752EEDA}.Release|Any CPU.ActiveCfg = Release|Any CPU
		{A138B350-60DF-45F2-900E-4985C752EEDA}.Release|Any CPU.Build.0 = Release|Any CPU
		{EED8B617-BE52-48F5-9431-7A294CA0B3C4}.Debug|Any CPU.ActiveCfg = Debug|Any CPU
		{EED8B617-BE52-48F5-9431-7A294CA0B3C4}.Debug|Any CPU.Build.0 = Debug|Any CPU
		{EED8B617-BE52-48F5-9431-7A294CA0B3C4}.Release|Any CPU.ActiveCfg = Release|Any CPU
		{EED8B617-BE52-48F5-9431-7A294CA0B3C4}.Release|Any CPU.Build.0 = Release|Any CPU
		{EE75A128-22B1-42C4-9258-D637BD754DC6}.Debug|Any CPU.ActiveCfg = Debug|Any CPU
		{EE75A128-22B1-42C4-9258-D637BD754DC6}.Debug|Any CPU.Build.0 = Debug|Any CPU
		{EE75A128-22B1-42C4-9258-D637BD754DC6}.Release|Any CPU.ActiveCfg = Release|Any CPU
		{EE75A128-22B1-42C4-9258-D637BD754DC6}.Release|Any CPU.Build.0 = Release|Any CPU
		{FEF12238-7129-4D58-85C4-3AFDC80ED015}.Debug|Any CPU.ActiveCfg = Debug|Any CPU
		{FEF12238-7129-4D58-85C4-3AFDC80ED015}.Debug|Any CPU.Build.0 = Debug|Any CPU
		{FEF12238-7129-4D58-85C4-3AFDC80ED015}.Release|Any CPU.ActiveCfg = Release|Any CPU
		{FEF12238-7129-4D58-85C4-3AFDC80ED015}.Release|Any CPU.Build.0 = Release|Any CPU
		{2B99DE47-93C5-4C6C-8FAA-B65266689758}.Debug|Any CPU.ActiveCfg = Debug|Any CPU
		{2B99DE47-93C5-4C6C-8FAA-B65266689758}.Debug|Any CPU.Build.0 = Debug|Any CPU
		{2B99DE47-93C5-4C6C-8FAA-B65266689758}.Release|Any CPU.ActiveCfg = Release|Any CPU
		{2B99DE47-93C5-4C6C-8FAA-B65266689758}.Release|Any CPU.Build.0 = Release|Any CPU
		{A140E1ED-6B76-421E-AC33-6D6E1F256CA2}.Debug|Any CPU.ActiveCfg = Debug|Any CPU
		{A140E1ED-6B76-421E-AC33-6D6E1F256CA2}.Debug|Any CPU.Build.0 = Debug|Any CPU
		{A140E1ED-6B76-421E-AC33-6D6E1F256CA2}.Release|Any CPU.ActiveCfg = Release|Any CPU
		{A140E1ED-6B76-421E-AC33-6D6E1F256CA2}.Release|Any CPU.Build.0 = Release|Any CPU
		{3B52BD76-DB26-4C01-B54B-1B0D2C6376F6}.Debug|Any CPU.ActiveCfg = Debug|Any CPU
		{3B52BD76-DB26-4C01-B54B-1B0D2C6376F6}.Debug|Any CPU.Build.0 = Debug|Any CPU
		{3B52BD76-DB26-4C01-B54B-1B0D2C6376F6}.Release|Any CPU.ActiveCfg = Release|Any CPU
		{3B52BD76-DB26-4C01-B54B-1B0D2C6376F6}.Release|Any CPU.Build.0 = Release|Any CPU
		{FE562E98-510F-4C3D-99D0-E915A0D2BCA0}.Debug|Any CPU.ActiveCfg = Debug|Any CPU
		{FE562E98-510F-4C3D-99D0-E915A0D2BCA0}.Debug|Any CPU.Build.0 = Debug|Any CPU
		{FE562E98-510F-4C3D-99D0-E915A0D2BCA0}.Release|Any CPU.ActiveCfg = Release|Any CPU
		{FE562E98-510F-4C3D-99D0-E915A0D2BCA0}.Release|Any CPU.Build.0 = Release|Any CPU
		{918D8DE6-EA93-480B-B3D4-3DDA86D958EB}.Debug|Any CPU.ActiveCfg = Debug|Any CPU
		{918D8DE6-EA93-480B-B3D4-3DDA86D958EB}.Debug|Any CPU.Build.0 = Debug|Any CPU
		{918D8DE6-EA93-480B-B3D4-3DDA86D958EB}.Release|Any CPU.ActiveCfg = Release|Any CPU
		{918D8DE6-EA93-480B-B3D4-3DDA86D958EB}.Release|Any CPU.Build.0 = Release|Any CPU
		{D206FD69-FC7D-49B1-8DBD-6A7005B12738}.Debug|Any CPU.ActiveCfg = Debug|Any CPU
		{D206FD69-FC7D-49B1-8DBD-6A7005B12738}.Debug|Any CPU.Build.0 = Debug|Any CPU
		{D206FD69-FC7D-49B1-8DBD-6A7005B12738}.Release|Any CPU.ActiveCfg = Release|Any CPU
		{D206FD69-FC7D-49B1-8DBD-6A7005B12738}.Release|Any CPU.Build.0 = Release|Any CPU
		{901E280D-A137-47DF-9872-B21302265CEB}.Debug|Any CPU.ActiveCfg = Debug|Any CPU
		{901E280D-A137-47DF-9872-B21302265CEB}.Debug|Any CPU.Build.0 = Debug|Any CPU
		{901E280D-A137-47DF-9872-B21302265CEB}.Release|Any CPU.ActiveCfg = Release|Any CPU
		{901E280D-A137-47DF-9872-B21302265CEB}.Release|Any CPU.Build.0 = Release|Any CPU
		{F6DF9F92-036D-495C-A6CD-4369BB942D9F}.Debug|Any CPU.ActiveCfg = Debug|Any CPU
		{F6DF9F92-036D-495C-A6CD-4369BB942D9F}.Debug|Any CPU.Build.0 = Debug|Any CPU
		{F6DF9F92-036D-495C-A6CD-4369BB942D9F}.Release|Any CPU.ActiveCfg = Release|Any CPU
		{F6DF9F92-036D-495C-A6CD-4369BB942D9F}.Release|Any CPU.Build.0 = Release|Any CPU
		{A7B8F3AC-178B-4DA6-A9D7-A8415468EC11}.Debug|Any CPU.ActiveCfg = Debug|Any CPU
		{A7B8F3AC-178B-4DA6-A9D7-A8415468EC11}.Debug|Any CPU.Build.0 = Debug|Any CPU
		{A7B8F3AC-178B-4DA6-A9D7-A8415468EC11}.Release|Any CPU.ActiveCfg = Release|Any CPU
		{A7B8F3AC-178B-4DA6-A9D7-A8415468EC11}.Release|Any CPU.Build.0 = Release|Any CPU
		{5C72FAE4-69C8-4E40-B6C8-C8B552B65933}.Debug|Any CPU.ActiveCfg = Debug|Any CPU
		{5C72FAE4-69C8-4E40-B6C8-C8B552B65933}.Debug|Any CPU.Build.0 = Debug|Any CPU
		{5C72FAE4-69C8-4E40-B6C8-C8B552B65933}.Release|Any CPU.ActiveCfg = Release|Any CPU
		{5C72FAE4-69C8-4E40-B6C8-C8B552B65933}.Release|Any CPU.Build.0 = Release|Any CPU
		{0FBD0169-2456-417A-A53B-4C0EBEE07C6B}.Debug|Any CPU.ActiveCfg = Debug|Any CPU
		{0FBD0169-2456-417A-A53B-4C0EBEE07C6B}.Debug|Any CPU.Build.0 = Debug|Any CPU
		{0FBD0169-2456-417A-A53B-4C0EBEE07C6B}.Release|Any CPU.ActiveCfg = Release|Any CPU
		{0FBD0169-2456-417A-A53B-4C0EBEE07C6B}.Release|Any CPU.Build.0 = Release|Any CPU
		{7CF248E2-29C8-4305-A8EC-D145F73A3003}.Debug|Any CPU.ActiveCfg = Debug|Any CPU
		{7CF248E2-29C8-4305-A8EC-D145F73A3003}.Debug|Any CPU.Build.0 = Debug|Any CPU
		{7CF248E2-29C8-4305-A8EC-D145F73A3003}.Release|Any CPU.ActiveCfg = Release|Any CPU
		{7CF248E2-29C8-4305-A8EC-D145F73A3003}.Release|Any CPU.Build.0 = Release|Any CPU
		{452BAD14-6EAB-428C-AA52-712060C4B2D8}.Debug|Any CPU.ActiveCfg = Debug|Any CPU
		{452BAD14-6EAB-428C-AA52-712060C4B2D8}.Debug|Any CPU.Build.0 = Debug|Any CPU
		{452BAD14-6EAB-428C-AA52-712060C4B2D8}.Release|Any CPU.ActiveCfg = Release|Any CPU
		{452BAD14-6EAB-428C-AA52-712060C4B2D8}.Release|Any CPU.Build.0 = Release|Any CPU
		{2D747408-0FD0-4EC6-A7F9-7900EE2B7A29}.Debug|Any CPU.ActiveCfg = Debug|Any CPU
		{2D747408-0FD0-4EC6-A7F9-7900EE2B7A29}.Debug|Any CPU.Build.0 = Debug|Any CPU
		{2D747408-0FD0-4EC6-A7F9-7900EE2B7A29}.Release|Any CPU.ActiveCfg = Release|Any CPU
		{2D747408-0FD0-4EC6-A7F9-7900EE2B7A29}.Release|Any CPU.Build.0 = Release|Any CPU
		{DE5EA9CB-1DB0-4387-A711-ADFEDD062372}.Debug|Any CPU.ActiveCfg = Debug|Any CPU
		{DE5EA9CB-1DB0-4387-A711-ADFEDD062372}.Debug|Any CPU.Build.0 = Debug|Any CPU
		{DE5EA9CB-1DB0-4387-A711-ADFEDD062372}.Release|Any CPU.ActiveCfg = Release|Any CPU
		{DE5EA9CB-1DB0-4387-A711-ADFEDD062372}.Release|Any CPU.Build.0 = Release|Any CPU
		{7D0B1D78-7BAE-4570-897D-1BB879265073}.Debug|Any CPU.ActiveCfg = Debug|Any CPU
		{7D0B1D78-7BAE-4570-897D-1BB879265073}.Debug|Any CPU.Build.0 = Debug|Any CPU
		{7D0B1D78-7BAE-4570-897D-1BB879265073}.Release|Any CPU.ActiveCfg = Release|Any CPU
		{7D0B1D78-7BAE-4570-897D-1BB879265073}.Release|Any CPU.Build.0 = Release|Any CPU
		{EFE4D7DF-260E-4638-A8CC-B7295B7BDFCA}.Debug|Any CPU.ActiveCfg = Debug|Any CPU
		{EFE4D7DF-260E-4638-A8CC-B7295B7BDFCA}.Debug|Any CPU.Build.0 = Debug|Any CPU
		{EFE4D7DF-260E-4638-A8CC-B7295B7BDFCA}.Release|Any CPU.ActiveCfg = Release|Any CPU
		{EFE4D7DF-260E-4638-A8CC-B7295B7BDFCA}.Release|Any CPU.Build.0 = Release|Any CPU
		{A9DBBE0D-57E8-41B5-9B97-D5B33D0108E9}.Debug|Any CPU.ActiveCfg = Debug|Any CPU
		{A9DBBE0D-57E8-41B5-9B97-D5B33D0108E9}.Debug|Any CPU.Build.0 = Debug|Any CPU
		{A9DBBE0D-57E8-41B5-9B97-D5B33D0108E9}.Release|Any CPU.ActiveCfg = Release|Any CPU
		{A9DBBE0D-57E8-41B5-9B97-D5B33D0108E9}.Release|Any CPU.Build.0 = Release|Any CPU
		{EA802087-673D-4512-9849-B322711BAB4A}.Debug|Any CPU.ActiveCfg = Debug|Any CPU
		{EA802087-673D-4512-9849-B322711BAB4A}.Debug|Any CPU.Build.0 = Debug|Any CPU
		{EA802087-673D-4512-9849-B322711BAB4A}.Release|Any CPU.ActiveCfg = Release|Any CPU
		{EA802087-673D-4512-9849-B322711BAB4A}.Release|Any CPU.Build.0 = Release|Any CPU
		{669D6685-9893-472A-B3F6-4DE4960B669F}.Debug|Any CPU.ActiveCfg = Debug|Any CPU
		{669D6685-9893-472A-B3F6-4DE4960B669F}.Debug|Any CPU.Build.0 = Debug|Any CPU
		{669D6685-9893-472A-B3F6-4DE4960B669F}.Release|Any CPU.ActiveCfg = Release|Any CPU
		{669D6685-9893-472A-B3F6-4DE4960B669F}.Release|Any CPU.Build.0 = Release|Any CPU
		{E5840040-DDF2-495C-95D0-FAD35C724784}.Debug|Any CPU.ActiveCfg = Debug|Any CPU
		{E5840040-DDF2-495C-95D0-FAD35C724784}.Debug|Any CPU.Build.0 = Debug|Any CPU
		{E5840040-DDF2-495C-95D0-FAD35C724784}.Release|Any CPU.ActiveCfg = Release|Any CPU
		{E5840040-DDF2-495C-95D0-FAD35C724784}.Release|Any CPU.Build.0 = Release|Any CPU
		{FF204268-8920-40E0-9745-FCBF1EF79039}.Debug|Any CPU.ActiveCfg = Debug|Any CPU
		{FF204268-8920-40E0-9745-FCBF1EF79039}.Debug|Any CPU.Build.0 = Debug|Any CPU
		{FF204268-8920-40E0-9745-FCBF1EF79039}.Release|Any CPU.ActiveCfg = Release|Any CPU
		{FF204268-8920-40E0-9745-FCBF1EF79039}.Release|Any CPU.Build.0 = Release|Any CPU
		{3B04F74F-4E15-4003-A388-4880476981FA}.Debug|Any CPU.ActiveCfg = Debug|Any CPU
		{3B04F74F-4E15-4003-A388-4880476981FA}.Debug|Any CPU.Build.0 = Debug|Any CPU
		{3B04F74F-4E15-4003-A388-4880476981FA}.Release|Any CPU.ActiveCfg = Release|Any CPU
		{3B04F74F-4E15-4003-A388-4880476981FA}.Release|Any CPU.Build.0 = Release|Any CPU
		{05721DEB-C37F-45D5-8529-077DC0B35A18}.Debug|Any CPU.ActiveCfg = Debug|Any CPU
		{05721DEB-C37F-45D5-8529-077DC0B35A18}.Debug|Any CPU.Build.0 = Debug|Any CPU
		{05721DEB-C37F-45D5-8529-077DC0B35A18}.Release|Any CPU.ActiveCfg = Release|Any CPU
		{05721DEB-C37F-45D5-8529-077DC0B35A18}.Release|Any CPU.Build.0 = Release|Any CPU
		{4C5F3157-9A63-444F-AA3A-F3B219670A5A}.Debug|Any CPU.ActiveCfg = Debug|Any CPU
		{4C5F3157-9A63-444F-AA3A-F3B219670A5A}.Debug|Any CPU.Build.0 = Debug|Any CPU
		{4C5F3157-9A63-444F-AA3A-F3B219670A5A}.Release|Any CPU.ActiveCfg = Release|Any CPU
		{4C5F3157-9A63-444F-AA3A-F3B219670A5A}.Release|Any CPU.Build.0 = Release|Any CPU
		{D5174D33-2087-4595-BCE1-887CE2DDE206}.Debug|Any CPU.ActiveCfg = Debug|Any CPU
		{D5174D33-2087-4595-BCE1-887CE2DDE206}.Debug|Any CPU.Build.0 = Debug|Any CPU
		{D5174D33-2087-4595-BCE1-887CE2DDE206}.Release|Any CPU.ActiveCfg = Release|Any CPU
		{D5174D33-2087-4595-BCE1-887CE2DDE206}.Release|Any CPU.Build.0 = Release|Any CPU
		{DCF29375-F38A-4CA3-B671-7E2AF37A5766}.Debug|Any CPU.ActiveCfg = Debug|Any CPU
		{DCF29375-F38A-4CA3-B671-7E2AF37A5766}.Debug|Any CPU.Build.0 = Debug|Any CPU
		{DCF29375-F38A-4CA3-B671-7E2AF37A5766}.Release|Any CPU.ActiveCfg = Release|Any CPU
		{DCF29375-F38A-4CA3-B671-7E2AF37A5766}.Release|Any CPU.Build.0 = Release|Any CPU
		{544BCA84-5F83-44B7-88E3-2907B402DE5B}.Debug|Any CPU.ActiveCfg = Debug|Any CPU
		{544BCA84-5F83-44B7-88E3-2907B402DE5B}.Debug|Any CPU.Build.0 = Debug|Any CPU
		{544BCA84-5F83-44B7-88E3-2907B402DE5B}.Release|Any CPU.ActiveCfg = Release|Any CPU
		{544BCA84-5F83-44B7-88E3-2907B402DE5B}.Release|Any CPU.Build.0 = Release|Any CPU
		{5A7495AF-BD3C-407B-A871-5638527C4A18}.Debug|Any CPU.ActiveCfg = Debug|Any CPU
		{5A7495AF-BD3C-407B-A871-5638527C4A18}.Debug|Any CPU.Build.0 = Debug|Any CPU
		{5A7495AF-BD3C-407B-A871-5638527C4A18}.Release|Any CPU.ActiveCfg = Release|Any CPU
		{5A7495AF-BD3C-407B-A871-5638527C4A18}.Release|Any CPU.Build.0 = Release|Any CPU
		{5E62EA12-0802-472D-B242-11368DCBAFF6}.Debug|Any CPU.ActiveCfg = Debug|Any CPU
		{5E62EA12-0802-472D-B242-11368DCBAFF6}.Debug|Any CPU.Build.0 = Debug|Any CPU
		{5E62EA12-0802-472D-B242-11368DCBAFF6}.Release|Any CPU.ActiveCfg = Release|Any CPU
		{5E62EA12-0802-472D-B242-11368DCBAFF6}.Release|Any CPU.Build.0 = Release|Any CPU
		{ED85228B-0753-44A2-9A3C-56DF389B68E8}.Debug|Any CPU.ActiveCfg = Debug|Any CPU
		{ED85228B-0753-44A2-9A3C-56DF389B68E8}.Debug|Any CPU.Build.0 = Debug|Any CPU
		{ED85228B-0753-44A2-9A3C-56DF389B68E8}.Release|Any CPU.ActiveCfg = Release|Any CPU
		{ED85228B-0753-44A2-9A3C-56DF389B68E8}.Release|Any CPU.Build.0 = Release|Any CPU
		{AB18380A-C005-4C1F-A6CB-B0AE1BCFE7A4}.Debug|Any CPU.ActiveCfg = Debug|Any CPU
		{AB18380A-C005-4C1F-A6CB-B0AE1BCFE7A4}.Debug|Any CPU.Build.0 = Debug|Any CPU
		{AB18380A-C005-4C1F-A6CB-B0AE1BCFE7A4}.Release|Any CPU.ActiveCfg = Release|Any CPU
		{AB18380A-C005-4C1F-A6CB-B0AE1BCFE7A4}.Release|Any CPU.Build.0 = Release|Any CPU
		{35797FBF-8753-4057-892D-BAEF88F9633C}.Debug|Any CPU.ActiveCfg = Debug|Any CPU
		{35797FBF-8753-4057-892D-BAEF88F9633C}.Debug|Any CPU.Build.0 = Debug|Any CPU
		{35797FBF-8753-4057-892D-BAEF88F9633C}.Release|Any CPU.ActiveCfg = Release|Any CPU
		{35797FBF-8753-4057-892D-BAEF88F9633C}.Release|Any CPU.Build.0 = Release|Any CPU
		{EBC31B07-FFDB-459C-98CE-577DE8D02FEC}.Debug|Any CPU.ActiveCfg = Debug|Any CPU
		{EBC31B07-FFDB-459C-98CE-577DE8D02FEC}.Debug|Any CPU.Build.0 = Debug|Any CPU
		{EBC31B07-FFDB-459C-98CE-577DE8D02FEC}.Release|Any CPU.ActiveCfg = Release|Any CPU
		{EBC31B07-FFDB-459C-98CE-577DE8D02FEC}.Release|Any CPU.Build.0 = Release|Any CPU
		{A010F675-EA18-40C6-8CC7-4B42F610AF72}.Debug|Any CPU.ActiveCfg = Debug|Any CPU
		{A010F675-EA18-40C6-8CC7-4B42F610AF72}.Debug|Any CPU.Build.0 = Debug|Any CPU
		{A010F675-EA18-40C6-8CC7-4B42F610AF72}.Release|Any CPU.ActiveCfg = Release|Any CPU
		{A010F675-EA18-40C6-8CC7-4B42F610AF72}.Release|Any CPU.Build.0 = Release|Any CPU
		{99D86565-C0E9-4420-9B97-3020D248BA04}.Debug|Any CPU.ActiveCfg = Debug|Any CPU
		{99D86565-C0E9-4420-9B97-3020D248BA04}.Debug|Any CPU.Build.0 = Debug|Any CPU
		{99D86565-C0E9-4420-9B97-3020D248BA04}.Release|Any CPU.ActiveCfg = Release|Any CPU
		{99D86565-C0E9-4420-9B97-3020D248BA04}.Release|Any CPU.Build.0 = Release|Any CPU
	EndGlobalSection
	GlobalSection(SolutionProperties) = preSolution
		HideSolutionNode = FALSE
	EndGlobalSection
	GlobalSection(NestedProjects) = preSolution
		{CC8C0797-063D-4B52-94DE-A23CA8CEC67C} = {0758EBCC-D432-4118-89F8-345C6A3E8B2F}
		{F5B8D32E-D88F-41D9-95EB-CF015BA8132E} = {0758EBCC-D432-4118-89F8-345C6A3E8B2F}
		{A138B350-60DF-45F2-900E-4985C752EEDA} = {0758EBCC-D432-4118-89F8-345C6A3E8B2F}
		{EED8B617-BE52-48F5-9431-7A294CA0B3C4} = {0758EBCC-D432-4118-89F8-345C6A3E8B2F}
		{EE75A128-22B1-42C4-9258-D637BD754DC6} = {0758EBCC-D432-4118-89F8-345C6A3E8B2F}
		{FEF12238-7129-4D58-85C4-3AFDC80ED015} = {0758EBCC-D432-4118-89F8-345C6A3E8B2F}
		{2B99DE47-93C5-4C6C-8FAA-B65266689758} = {0758EBCC-D432-4118-89F8-345C6A3E8B2F}
		{A140E1ED-6B76-421E-AC33-6D6E1F256CA2} = {5A5BD18D-F77A-4A7B-8169-B1B6215E41D8}
		{3B52BD76-DB26-4C01-B54B-1B0D2C6376F6} = {5A5BD18D-F77A-4A7B-8169-B1B6215E41D8}
		{FE562E98-510F-4C3D-99D0-E915A0D2BCA0} = {5A5BD18D-F77A-4A7B-8169-B1B6215E41D8}
		{918D8DE6-EA93-480B-B3D4-3DDA86D958EB} = {5A5BD18D-F77A-4A7B-8169-B1B6215E41D8}
		{D206FD69-FC7D-49B1-8DBD-6A7005B12738} = {5A5BD18D-F77A-4A7B-8169-B1B6215E41D8}
		{901E280D-A137-47DF-9872-B21302265CEB} = {5A5BD18D-F77A-4A7B-8169-B1B6215E41D8}
		{F6DF9F92-036D-495C-A6CD-4369BB942D9F} = {5A5BD18D-F77A-4A7B-8169-B1B6215E41D8}
		{A7B8F3AC-178B-4DA6-A9D7-A8415468EC11} = {5A5BD18D-F77A-4A7B-8169-B1B6215E41D8}
		{5C72FAE4-69C8-4E40-B6C8-C8B552B65933} = {5A5BD18D-F77A-4A7B-8169-B1B6215E41D8}
		{0FBD0169-2456-417A-A53B-4C0EBEE07C6B} = {5A5BD18D-F77A-4A7B-8169-B1B6215E41D8}
		{7CF248E2-29C8-4305-A8EC-D145F73A3003} = {272A690B-F0A9-460C-A4E9-9A5C90E0F6CF}
		{452BAD14-6EAB-428C-AA52-712060C4B2D8} = {272A690B-F0A9-460C-A4E9-9A5C90E0F6CF}
		{2D747408-0FD0-4EC6-A7F9-7900EE2B7A29} = {272A690B-F0A9-460C-A4E9-9A5C90E0F6CF}
		{DE5EA9CB-1DB0-4387-A711-ADFEDD062372} = {272A690B-F0A9-460C-A4E9-9A5C90E0F6CF}
		{7D0B1D78-7BAE-4570-897D-1BB879265073} = {272A690B-F0A9-460C-A4E9-9A5C90E0F6CF}
		{EFE4D7DF-260E-4638-A8CC-B7295B7BDFCA} = {272A690B-F0A9-460C-A4E9-9A5C90E0F6CF}
		{A9DBBE0D-57E8-41B5-9B97-D5B33D0108E9} = {272A690B-F0A9-460C-A4E9-9A5C90E0F6CF}
		{EA802087-673D-4512-9849-B322711BAB4A} = {272A690B-F0A9-460C-A4E9-9A5C90E0F6CF}
		{669D6685-9893-472A-B3F6-4DE4960B669F} = {272A690B-F0A9-460C-A4E9-9A5C90E0F6CF}
		{E5840040-DDF2-495C-95D0-FAD35C724784} = {272A690B-F0A9-460C-A4E9-9A5C90E0F6CF}
		{FF204268-8920-40E0-9745-FCBF1EF79039} = {272A690B-F0A9-460C-A4E9-9A5C90E0F6CF}
		{3B04F74F-4E15-4003-A388-4880476981FA} = {272A690B-F0A9-460C-A4E9-9A5C90E0F6CF}
		{05721DEB-C37F-45D5-8529-077DC0B35A18} = {272A690B-F0A9-460C-A4E9-9A5C90E0F6CF}
		{4C5F3157-9A63-444F-AA3A-F3B219670A5A} = {272A690B-F0A9-460C-A4E9-9A5C90E0F6CF}
		{D5174D33-2087-4595-BCE1-887CE2DDE206} = {272A690B-F0A9-460C-A4E9-9A5C90E0F6CF}
		{DCF29375-F38A-4CA3-B671-7E2AF37A5766} = {272A690B-F0A9-460C-A4E9-9A5C90E0F6CF}
		{544BCA84-5F83-44B7-88E3-2907B402DE5B} = {272A690B-F0A9-460C-A4E9-9A5C90E0F6CF}
		{5A7495AF-BD3C-407B-A871-5638527C4A18} = {272A690B-F0A9-460C-A4E9-9A5C90E0F6CF}
		{5E62EA12-0802-472D-B242-11368DCBAFF6} = {272A690B-F0A9-460C-A4E9-9A5C90E0F6CF}
		{ED85228B-0753-44A2-9A3C-56DF389B68E8} = {272A690B-F0A9-460C-A4E9-9A5C90E0F6CF}
		{AB18380A-C005-4C1F-A6CB-B0AE1BCFE7A4} = {E23B96F4-AC93-41BD-93E3-22728910FAE7}
		{35797FBF-8753-4057-892D-BAEF88F9633C} = {E366784B-E6C3-4DF8-8B6B-389091DB336E}
		{EBC31B07-FFDB-459C-98CE-577DE8D02FEC} = {E366784B-E6C3-4DF8-8B6B-389091DB336E}
		{A010F675-EA18-40C6-8CC7-4B42F610AF72} = {E366784B-E6C3-4DF8-8B6B-389091DB336E}
		{99D86565-C0E9-4420-9B97-3020D248BA04} = {E366784B-E6C3-4DF8-8B6B-389091DB336E}
	EndGlobalSection
	GlobalSection(ExtensibilityGlobals) = postSolution
		SolutionGuid = {907C8E4E-DD8E-4225-A9F6-2E92ADAD36B3}
	EndGlobalSection
EndGlobal
